// !$*UTF8*$!
{
	archiveVersion = 1;
	classes = {
	};
	objectVersion = 50;
	objects = {

/* Begin PBXBuildFile section */
		C76BE25123AA26130088DEDA /* MapKit.framework in Frameworks */ = {isa = PBXBuildFile; fileRef = C76BE25023AA26130088DEDA /* MapKit.framework */; };
		C76BE25323AA2DFD0088DEDA /* CoreLocation.framework in Frameworks */ = {isa = PBXBuildFile; fileRef = C76BE25223AA2DFC0088DEDA /* CoreLocation.framework */; };
		C7E88D2723A77B840016C5A1 /* AppDelegate.swift in Sources */ = {isa = PBXBuildFile; fileRef = C7E88D2623A77B840016C5A1 /* AppDelegate.swift */; };
		C7E88D2923A77B840016C5A1 /* SceneDelegate.swift in Sources */ = {isa = PBXBuildFile; fileRef = C7E88D2823A77B840016C5A1 /* SceneDelegate.swift */; };
		C7E88D3023A77B850016C5A1 /* Assets.xcassets in Resources */ = {isa = PBXBuildFile; fileRef = C7E88D2F23A77B850016C5A1 /* Assets.xcassets */; };
		C7E88D3323A77B850016C5A1 /* LaunchScreen.storyboard in Resources */ = {isa = PBXBuildFile; fileRef = C7E88D3123A77B850016C5A1 /* LaunchScreen.storyboard */; };
		C7E88D3B23A77BF30016C5A1 /* Alert.swift in Sources */ = {isa = PBXBuildFile; fileRef = C7E88D3A23A77BF30016C5A1 /* Alert.swift */; };
		C7E88D3D23A77C140016C5A1 /* SharedMapView.swift in Sources */ = {isa = PBXBuildFile; fileRef = C7E88D3C23A77C140016C5A1 /* SharedMapView.swift */; };
		C7E88D4023A77C3B0016C5A1 /* SharedStoreView.swift in Sources */ = {isa = PBXBuildFile; fileRef = C7E88D3F23A77C3B0016C5A1 /* SharedStoreView.swift */; };
		C7E88D4223A77C560016C5A1 /* FavoriteButton.swift in Sources */ = {isa = PBXBuildFile; fileRef = C7E88D4123A77C560016C5A1 /* FavoriteButton.swift */; };
		C7E88D4423A77C700016C5A1 /* StoreCell.swift in Sources */ = {isa = PBXBuildFile; fileRef = C7E88D4323A77C700016C5A1 /* StoreCell.swift */; };
		C7E88D4623A77C8B0016C5A1 /* MapViewController.swift in Sources */ = {isa = PBXBuildFile; fileRef = C7E88D4523A77C8B0016C5A1 /* MapViewController.swift */; };
		C7E88D4923A77CBF0016C5A1 /* TabBarController.swift in Sources */ = {isa = PBXBuildFile; fileRef = C7E88D4823A77CBF0016C5A1 /* TabBarController.swift */; };
		C7E88D4B23A77CDB0016C5A1 /* StoreListViewController.swift in Sources */ = {isa = PBXBuildFile; fileRef = C7E88D4A23A77CDB0016C5A1 /* StoreListViewController.swift */; };
		C7E88D4D23A77CF50016C5A1 /* ExploreViewController.swift in Sources */ = {isa = PBXBuildFile; fileRef = C7E88D4C23A77CF50016C5A1 /* ExploreViewController.swift */; };
		C7E88D4F23A77D0F0016C5A1 /* FavoritesViewController.swift in Sources */ = {isa = PBXBuildFile; fileRef = C7E88D4E23A77D0F0016C5A1 /* FavoritesViewController.swift */; };
		C7E88D5123A77D2B0016C5A1 /* StoreViewController.swift in Sources */ = {isa = PBXBuildFile; fileRef = C7E88D5023A77D2B0016C5A1 /* StoreViewController.swift */; };
		C7E88D5323A77D510016C5A1 /* UIView+Ext.swift in Sources */ = {isa = PBXBuildFile; fileRef = C7E88D5223A77D510016C5A1 /* UIView+Ext.swift */; };
		C7E88D5623A77D740016C5A1 /* SearchBar.swift in Sources */ = {isa = PBXBuildFile; fileRef = C7E88D5523A77D740016C5A1 /* SearchBar.swift */; };
		C7E88D5923A77D940016C5A1 /* DataManager.swift in Sources */ = {isa = PBXBuildFile; fileRef = C7E88D5823A77D940016C5A1 /* DataManager.swift */; };
		C7E88D5B23A77DAF0016C5A1 /* DataSourceProvider.swift in Sources */ = {isa = PBXBuildFile; fileRef = C7E88D5A23A77DAF0016C5A1 /* DataSourceProvider.swift */; };
		C7E88D5D23A77DD90016C5A1 /* NetworkManager.swift in Sources */ = {isa = PBXBuildFile; fileRef = C7E88D5C23A77DD90016C5A1 /* NetworkManager.swift */; };
		C7E88D6023A77DF70016C5A1 /* Store.swift in Sources */ = {isa = PBXBuildFile; fileRef = C7E88D5F23A77DF70016C5A1 /* Store.swift */; };
		C7E88D6223A77E0C0016C5A1 /* Menu.swift in Sources */ = {isa = PBXBuildFile; fileRef = C7E88D6123A77E0C0016C5A1 /* Menu.swift */; };
/* End PBXBuildFile section */

/* Begin PBXFileReference section */
		C76BE25023AA26130088DEDA /* MapKit.framework */ = {isa = PBXFileReference; lastKnownFileType = wrapper.framework; name = MapKit.framework; path = System/Library/Frameworks/MapKit.framework; sourceTree = SDKROOT; };
		C76BE25223AA2DFC0088DEDA /* CoreLocation.framework */ = {isa = PBXFileReference; lastKnownFileType = wrapper.framework; name = CoreLocation.framework; path = System/Library/Frameworks/CoreLocation.framework; sourceTree = SDKROOT; };
		C7E88D2323A77B840016C5A1 /* FoodtoDoor.app */ = {isa = PBXFileReference; explicitFileType = wrapper.application; includeInIndex = 0; path = FoodtoDoor.app; sourceTree = BUILT_PRODUCTS_DIR; };
		C7E88D2623A77B840016C5A1 /* AppDelegate.swift */ = {isa = PBXFileReference; lastKnownFileType = sourcecode.swift; path = AppDelegate.swift; sourceTree = "<group>"; };
		C7E88D2823A77B840016C5A1 /* SceneDelegate.swift */ = {isa = PBXFileReference; lastKnownFileType = sourcecode.swift; path = SceneDelegate.swift; sourceTree = "<group>"; };
		C7E88D2F23A77B850016C5A1 /* Assets.xcassets */ = {isa = PBXFileReference; lastKnownFileType = folder.assetcatalog; path = Assets.xcassets; sourceTree = "<group>"; };
		C7E88D3223A77B850016C5A1 /* Base */ = {isa = PBXFileReference; lastKnownFileType = file.storyboard; name = Base; path = Base.lproj/LaunchScreen.storyboard; sourceTree = "<group>"; };
		C7E88D3423A77B850016C5A1 /* Info.plist */ = {isa = PBXFileReference; lastKnownFileType = text.plist.xml; path = Info.plist; sourceTree = "<group>"; };
		C7E88D3A23A77BF30016C5A1 /* Alert.swift */ = {isa = PBXFileReference; lastKnownFileType = sourcecode.swift; path = Alert.swift; sourceTree = "<group>"; };
		C7E88D3C23A77C140016C5A1 /* SharedMapView.swift */ = {isa = PBXFileReference; lastKnownFileType = sourcecode.swift; path = SharedMapView.swift; sourceTree = "<group>"; };
		C7E88D3F23A77C3B0016C5A1 /* SharedStoreView.swift */ = {isa = PBXFileReference; lastKnownFileType = sourcecode.swift; path = SharedStoreView.swift; sourceTree = "<group>"; };
		C7E88D4123A77C560016C5A1 /* FavoriteButton.swift */ = {isa = PBXFileReference; lastKnownFileType = sourcecode.swift; path = FavoriteButton.swift; sourceTree = "<group>"; };
		C7E88D4323A77C700016C5A1 /* StoreCell.swift */ = {isa = PBXFileReference; lastKnownFileType = sourcecode.swift; path = StoreCell.swift; sourceTree = "<group>"; };
		C7E88D4523A77C8B0016C5A1 /* MapViewController.swift */ = {isa = PBXFileReference; lastKnownFileType = sourcecode.swift; path = MapViewController.swift; sourceTree = "<group>"; };
		C7E88D4823A77CBF0016C5A1 /* TabBarController.swift */ = {isa = PBXFileReference; lastKnownFileType = sourcecode.swift; path = TabBarController.swift; sourceTree = "<group>"; };
		C7E88D4A23A77CDB0016C5A1 /* StoreListViewController.swift */ = {isa = PBXFileReference; lastKnownFileType = sourcecode.swift; path = StoreListViewController.swift; sourceTree = "<group>"; };
		C7E88D4C23A77CF50016C5A1 /* ExploreViewController.swift */ = {isa = PBXFileReference; lastKnownFileType = sourcecode.swift; path = ExploreViewController.swift; sourceTree = "<group>"; };
		C7E88D4E23A77D0F0016C5A1 /* FavoritesViewController.swift */ = {isa = PBXFileReference; lastKnownFileType = sourcecode.swift; path = FavoritesViewController.swift; sourceTree = "<group>"; };
		C7E88D5023A77D2B0016C5A1 /* StoreViewController.swift */ = {isa = PBXFileReference; lastKnownFileType = sourcecode.swift; path = StoreViewController.swift; sourceTree = "<group>"; };
		C7E88D5223A77D510016C5A1 /* UIView+Ext.swift */ = {isa = PBXFileReference; lastKnownFileType = sourcecode.swift; path = "UIView+Ext.swift"; sourceTree = "<group>"; };
		C7E88D5523A77D740016C5A1 /* SearchBar.swift */ = {isa = PBXFileReference; lastKnownFileType = sourcecode.swift; path = SearchBar.swift; sourceTree = "<group>"; };
		C7E88D5823A77D940016C5A1 /* DataManager.swift */ = {isa = PBXFileReference; lastKnownFileType = sourcecode.swift; path = DataManager.swift; sourceTree = "<group>"; };
		C7E88D5A23A77DAF0016C5A1 /* DataSourceProvider.swift */ = {isa = PBXFileReference; lastKnownFileType = sourcecode.swift; path = DataSourceProvider.swift; sourceTree = "<group>"; };
		C7E88D5C23A77DD90016C5A1 /* NetworkManager.swift */ = {isa = PBXFileReference; lastKnownFileType = sourcecode.swift; path = NetworkManager.swift; sourceTree = "<group>"; };
		C7E88D5F23A77DF70016C5A1 /* Store.swift */ = {isa = PBXFileReference; lastKnownFileType = sourcecode.swift; path = Store.swift; sourceTree = "<group>"; };
		C7E88D6123A77E0C0016C5A1 /* Menu.swift */ = {isa = PBXFileReference; lastKnownFileType = sourcecode.swift; path = Menu.swift; sourceTree = "<group>"; };
/* End PBXFileReference section */

/* Begin PBXFrameworksBuildPhase section */
		C7E88D2023A77B840016C5A1 /* Frameworks */ = {
			isa = PBXFrameworksBuildPhase;
			buildActionMask = 2147483647;
			files = (
				C76BE25323AA2DFD0088DEDA /* CoreLocation.framework in Frameworks */,
				C76BE25123AA26130088DEDA /* MapKit.framework in Frameworks */,
			);
			runOnlyForDeploymentPostprocessing = 0;
		};
/* End PBXFrameworksBuildPhase section */

/* Begin PBXGroup section */
		C76BE24F23AA26130088DEDA /* Frameworks */ = {
			isa = PBXGroup;
			children = (
				C76BE25223AA2DFC0088DEDA /* CoreLocation.framework */,
				C76BE25023AA26130088DEDA /* MapKit.framework */,
			);
			name = Frameworks;
			sourceTree = "<group>";
		};
		C7E88D1A23A77B840016C5A1 = {
			isa = PBXGroup;
			children = (
				C7E88D2523A77B840016C5A1 /* FoodtoDoor */,
				C7E88D2423A77B840016C5A1 /* Products */,
				C76BE24F23AA26130088DEDA /* Frameworks */,
			);
			sourceTree = "<group>";
		};
		C7E88D2423A77B840016C5A1 /* Products */ = {
			isa = PBXGroup;
			children = (
				C7E88D2323A77B840016C5A1 /* FoodtoDoor.app */,
			);
			name = Products;
			sourceTree = "<group>";
		};
		C7E88D2523A77B840016C5A1 /* FoodtoDoor */ = {
			isa = PBXGroup;
			children = (
				C7E88D2623A77B840016C5A1 /* AppDelegate.swift */,
				C7E88D2823A77B840016C5A1 /* SceneDelegate.swift */,
				C7E88D3A23A77BF30016C5A1 /* Alert.swift */,
				C7E88D5423A77D5D0016C5A1 /* Extensions */,
				C7E88D5723A77D810016C5A1 /* Data Providers */,
				C7E88D5E23A77DDC0016C5A1 /* Model */,
				C7E88D3E23A77C180016C5A1 /* View */,
				C7E88D4723A77C8E0016C5A1 /* Controllers */,
				C7E88D2F23A77B850016C5A1 /* Assets.xcassets */,
				C7E88D3123A77B850016C5A1 /* LaunchScreen.storyboard */,
				C7E88D3423A77B850016C5A1 /* Info.plist */,
			);
			path = FoodtoDoor;
			sourceTree = "<group>";
		};
		C7E88D3E23A77C180016C5A1 /* View */ = {
			isa = PBXGroup;
			children = (
				C7E88D3C23A77C140016C5A1 /* SharedMapView.swift */,
				C7E88D3F23A77C3B0016C5A1 /* SharedStoreView.swift */,
				C7E88D4123A77C560016C5A1 /* FavoriteButton.swift */,
				C7E88D4323A77C700016C5A1 /* StoreCell.swift */,
			);
			path = View;
			sourceTree = "<group>";
		};
		C7E88D4723A77C8E0016C5A1 /* Controllers */ = {
			isa = PBXGroup;
			children = (
				C7E88D4523A77C8B0016C5A1 /* MapViewController.swift */,
				C7E88D4823A77CBF0016C5A1 /* TabBarController.swift */,
				C7E88D4A23A77CDB0016C5A1 /* StoreListViewController.swift */,
				C7E88D4C23A77CF50016C5A1 /* ExploreViewController.swift */,
				C7E88D4E23A77D0F0016C5A1 /* FavoritesViewController.swift */,
				C7E88D5023A77D2B0016C5A1 /* StoreViewController.swift */,
			);
			path = Controllers;
			sourceTree = "<group>";
		};
		C7E88D5423A77D5D0016C5A1 /* Extensions */ = {
			isa = PBXGroup;
			children = (
				C7E88D5223A77D510016C5A1 /* UIView+Ext.swift */,
			);
			path = Extensions;
			sourceTree = "<group>";
		};
		C7E88D5723A77D810016C5A1 /* Data Providers */ = {
			isa = PBXGroup;
			children = (
				C7E88D5523A77D740016C5A1 /* SearchBar.swift */,
				C7E88D5823A77D940016C5A1 /* DataManager.swift */,
				C7E88D5A23A77DAF0016C5A1 /* DataSourceProvider.swift */,
			);
			path = "Data Providers";
			sourceTree = "<group>";
		};
		C7E88D5E23A77DDC0016C5A1 /* Model */ = {
			isa = PBXGroup;
			children = (
				C7E88D5C23A77DD90016C5A1 /* NetworkManager.swift */,
				C7E88D5F23A77DF70016C5A1 /* Store.swift */,
				C7E88D6123A77E0C0016C5A1 /* Menu.swift */,
			);
			path = Model;
			sourceTree = "<group>";
		};
/* End PBXGroup section */

/* Begin PBXNativeTarget section */
		C7E88D2223A77B840016C5A1 /* FoodtoDoor */ = {
			isa = PBXNativeTarget;
			buildConfigurationList = C7E88D3723A77B850016C5A1 /* Build configuration list for PBXNativeTarget "FoodtoDoor" */;
			buildPhases = (
				C7E88D1F23A77B840016C5A1 /* Sources */,
				C7E88D2023A77B840016C5A1 /* Frameworks */,
				C7E88D2123A77B840016C5A1 /* Resources */,
			);
			buildRules = (
			);
			dependencies = (
			);
			name = FoodtoDoor;
			productName = FoodtoDoor;
			productReference = C7E88D2323A77B840016C5A1 /* FoodtoDoor.app */;
			productType = "com.apple.product-type.application";
		};
/* End PBXNativeTarget section */

/* Begin PBXProject section */
		C7E88D1B23A77B840016C5A1 /* Project object */ = {
			isa = PBXProject;
			attributes = {
				LastSwiftUpdateCheck = 1130;
				LastUpgradeCheck = 1130;
				ORGANIZATIONNAME = "Şeyma Gılbaz";
				TargetAttributes = {
					C7E88D2223A77B840016C5A1 = {
						CreatedOnToolsVersion = 11.3;
					};
				};
			};
			buildConfigurationList = C7E88D1E23A77B840016C5A1 /* Build configuration list for PBXProject "FoodtoDoor" */;
			compatibilityVersion = "Xcode 9.3";
			developmentRegion = en;
			hasScannedForEncodings = 0;
			knownRegions = (
				en,
				Base,
			);
			mainGroup = C7E88D1A23A77B840016C5A1;
			productRefGroup = C7E88D2423A77B840016C5A1 /* Products */;
			projectDirPath = "";
			projectRoot = "";
			targets = (
				C7E88D2223A77B840016C5A1 /* FoodtoDoor */,
			);
		};
/* End PBXProject section */

/* Begin PBXResourcesBuildPhase section */
		C7E88D2123A77B840016C5A1 /* Resources */ = {
			isa = PBXResourcesBuildPhase;
			buildActionMask = 2147483647;
			files = (
				C7E88D3323A77B850016C5A1 /* LaunchScreen.storyboard in Resources */,
				C7E88D3023A77B850016C5A1 /* Assets.xcassets in Resources */,
			);
			runOnlyForDeploymentPostprocessing = 0;
		};
/* End PBXResourcesBuildPhase section */

/* Begin PBXSourcesBuildPhase section */
		C7E88D1F23A77B840016C5A1 /* Sources */ = {
			isa = PBXSourcesBuildPhase;
			buildActionMask = 2147483647;
			files = (
				C7E88D5D23A77DD90016C5A1 /* NetworkManager.swift in Sources */,
				C7E88D4023A77C3B0016C5A1 /* SharedStoreView.swift in Sources */,
				C7E88D5923A77D940016C5A1 /* DataManager.swift in Sources */,
				C7E88D3B23A77BF30016C5A1 /* Alert.swift in Sources */,
				C7E88D5623A77D740016C5A1 /* SearchBar.swift in Sources */,
				C7E88D2723A77B840016C5A1 /* AppDelegate.swift in Sources */,
				C7E88D5B23A77DAF0016C5A1 /* DataSourceProvider.swift in Sources */,
				C7E88D4923A77CBF0016C5A1 /* TabBarController.swift in Sources */,
				C7E88D5323A77D510016C5A1 /* UIView+Ext.swift in Sources */,
				C7E88D4423A77C700016C5A1 /* StoreCell.swift in Sources */,
				C7E88D4223A77C560016C5A1 /* FavoriteButton.swift in Sources */,
				C7E88D5123A77D2B0016C5A1 /* StoreViewController.swift in Sources */,
				C7E88D4B23A77CDB0016C5A1 /* StoreListViewController.swift in Sources */,
				C7E88D3D23A77C140016C5A1 /* SharedMapView.swift in Sources */,
				C7E88D6223A77E0C0016C5A1 /* Menu.swift in Sources */,
				C7E88D6023A77DF70016C5A1 /* Store.swift in Sources */,
				C7E88D2923A77B840016C5A1 /* SceneDelegate.swift in Sources */,
				C7E88D4D23A77CF50016C5A1 /* ExploreViewController.swift in Sources */,
				C7E88D4F23A77D0F0016C5A1 /* FavoritesViewController.swift in Sources */,
				C7E88D4623A77C8B0016C5A1 /* MapViewController.swift in Sources */,
			);
			runOnlyForDeploymentPostprocessing = 0;
		};
/* End PBXSourcesBuildPhase section */

/* Begin PBXVariantGroup section */
		C7E88D3123A77B850016C5A1 /* LaunchScreen.storyboard */ = {
			isa = PBXVariantGroup;
			children = (
				C7E88D3223A77B850016C5A1 /* Base */,
			);
			name = LaunchScreen.storyboard;
			sourceTree = "<group>";
		};
/* End PBXVariantGroup section */

/* Begin XCBuildConfiguration section */
		C7E88D3523A77B850016C5A1 /* Debug */ = {
			isa = XCBuildConfiguration;
			buildSettings = {
				ALWAYS_SEARCH_USER_PATHS = NO;
				CLANG_ANALYZER_NONNULL = YES;
				CLANG_ANALYZER_NUMBER_OBJECT_CONVERSION = YES_AGGRESSIVE;
				CLANG_CXX_LANGUAGE_STANDARD = "gnu++14";
				CLANG_CXX_LIBRARY = "libc++";
				CLANG_ENABLE_MODULES = YES;
				CLANG_ENABLE_OBJC_ARC = YES;
				CLANG_ENABLE_OBJC_WEAK = YES;
				CLANG_WARN_BLOCK_CAPTURE_AUTORELEASING = YES;
				CLANG_WARN_BOOL_CONVERSION = YES;
				CLANG_WARN_COMMA = YES;
				CLANG_WARN_CONSTANT_CONVERSION = YES;
				CLANG_WARN_DEPRECATED_OBJC_IMPLEMENTATIONS = YES;
				CLANG_WARN_DIRECT_OBJC_ISA_USAGE = YES_ERROR;
				CLANG_WARN_DOCUMENTATION_COMMENTS = YES;
				CLANG_WARN_EMPTY_BODY = YES;
				CLANG_WARN_ENUM_CONVERSION = YES;
				CLANG_WARN_INFINITE_RECURSION = YES;
				CLANG_WARN_INT_CONVERSION = YES;
				CLANG_WARN_NON_LITERAL_NULL_CONVERSION = YES;
				CLANG_WARN_OBJC_IMPLICIT_RETAIN_SELF = YES;
				CLANG_WARN_OBJC_LITERAL_CONVERSION = YES;
				CLANG_WARN_OBJC_ROOT_CLASS = YES_ERROR;
				CLANG_WARN_RANGE_LOOP_ANALYSIS = YES;
				CLANG_WARN_STRICT_PROTOTYPES = YES;
				CLANG_WARN_SUSPICIOUS_MOVE = YES;
				CLANG_WARN_UNGUARDED_AVAILABILITY = YES_AGGRESSIVE;
				CLANG_WARN_UNREACHABLE_CODE = YES;
				CLANG_WARN__DUPLICATE_METHOD_MATCH = YES;
				COPY_PHASE_STRIP = NO;
				DEBUG_INFORMATION_FORMAT = dwarf;
				ENABLE_STRICT_OBJC_MSGSEND = YES;
				ENABLE_TESTABILITY = YES;
				GCC_C_LANGUAGE_STANDARD = gnu11;
				GCC_DYNAMIC_NO_PIC = NO;
				GCC_NO_COMMON_BLOCKS = YES;
				GCC_OPTIMIZATION_LEVEL = 0;
				GCC_PREPROCESSOR_DEFINITIONS = (
					"DEBUG=1",
					"$(inherited)",
				);
				GCC_WARN_64_TO_32_BIT_CONVERSION = YES;
				GCC_WARN_ABOUT_RETURN_TYPE = YES_ERROR;
				GCC_WARN_UNDECLARED_SELECTOR = YES;
				GCC_WARN_UNINITIALIZED_AUTOS = YES_AGGRESSIVE;
				GCC_WARN_UNUSED_FUNCTION = YES;
				GCC_WARN_UNUSED_VARIABLE = YES;
				IPHONEOS_DEPLOYMENT_TARGET = 13.2;
				MTL_ENABLE_DEBUG_INFO = INCLUDE_SOURCE;
				MTL_FAST_MATH = YES;
				ONLY_ACTIVE_ARCH = YES;
				SDKROOT = iphoneos;
				SWIFT_ACTIVE_COMPILATION_CONDITIONS = DEBUG;
				SWIFT_OPTIMIZATION_LEVEL = "-Onone";
			};
			name = Debug;
		};
		C7E88D3623A77B850016C5A1 /* Release */ = {
			isa = XCBuildConfiguration;
			buildSettings = {
				ALWAYS_SEARCH_USER_PATHS = NO;
				CLANG_ANALYZER_NONNULL = YES;
				CLANG_ANALYZER_NUMBER_OBJECT_CONVERSION = YES_AGGRESSIVE;
				CLANG_CXX_LANGUAGE_STANDARD = "gnu++14";
				CLANG_CXX_LIBRARY = "libc++";
				CLANG_ENABLE_MODULES = YES;
				CLANG_ENABLE_OBJC_ARC = YES;
				CLANG_ENABLE_OBJC_WEAK = YES;
				CLANG_WARN_BLOCK_CAPTURE_AUTORELEASING = YES;
				CLANG_WARN_BOOL_CONVERSION = YES;
				CLANG_WARN_COMMA = YES;
				CLANG_WARN_CONSTANT_CONVERSION = YES;
				CLANG_WARN_DEPRECATED_OBJC_IMPLEMENTATIONS = YES;
				CLANG_WARN_DIRECT_OBJC_ISA_USAGE = YES_ERROR;
				CLANG_WARN_DOCUMENTATION_COMMENTS = YES;
				CLANG_WARN_EMPTY_BODY = YES;
				CLANG_WARN_ENUM_CONVERSION = YES;
				CLANG_WARN_INFINITE_RECURSION = YES;
				CLANG_WARN_INT_CONVERSION = YES;
				CLANG_WARN_NON_LITERAL_NULL_CONVERSION = YES;
				CLANG_WARN_OBJC_IMPLICIT_RETAIN_SELF = YES;
				CLANG_WARN_OBJC_LITERAL_CONVERSION = YES;
				CLANG_WARN_OBJC_ROOT_CLASS = YES_ERROR;
				CLANG_WARN_RANGE_LOOP_ANALYSIS = YES;
				CLANG_WARN_STRICT_PROTOTYPES = YES;
				CLANG_WARN_SUSPICIOUS_MOVE = YES;
				CLANG_WARN_UNGUARDED_AVAILABILITY = YES_AGGRESSIVE;
				CLANG_WARN_UNREACHABLE_CODE = YES;
				CLANG_WARN__DUPLICATE_METHOD_MATCH = YES;
				COPY_PHASE_STRIP = NO;
				DEBUG_INFORMATION_FORMAT = "dwarf-with-dsym";
				ENABLE_NS_ASSERTIONS = NO;
				ENABLE_STRICT_OBJC_MSGSEND = YES;
				GCC_C_LANGUAGE_STANDARD = gnu11;
				GCC_NO_COMMON_BLOCKS = YES;
				GCC_WARN_64_TO_32_BIT_CONVERSION = YES;
				GCC_WARN_ABOUT_RETURN_TYPE = YES_ERROR;
				GCC_WARN_UNDECLARED_SELECTOR = YES;
				GCC_WARN_UNINITIALIZED_AUTOS = YES_AGGRESSIVE;
				GCC_WARN_UNUSED_FUNCTION = YES;
				GCC_WARN_UNUSED_VARIABLE = YES;
				IPHONEOS_DEPLOYMENT_TARGET = 13.2;
				MTL_ENABLE_DEBUG_INFO = NO;
				MTL_FAST_MATH = YES;
				SDKROOT = iphoneos;
				SWIFT_COMPILATION_MODE = wholemodule;
				SWIFT_OPTIMIZATION_LEVEL = "-O";
				VALIDATE_PRODUCT = YES;
			};
			name = Release;
		};
		C7E88D3823A77B850016C5A1 /* Debug */ = {
			isa = XCBuildConfiguration;
			buildSettings = {
				ASSETCATALOG_COMPILER_APPICON_NAME = AppIcon;
				CODE_SIGN_STYLE = Automatic;
				DEVELOPMENT_TEAM = 5V7STVTK4G;
				INFOPLIST_FILE = FoodtoDoor/Info.plist;
				LD_RUNPATH_SEARCH_PATHS = (
					"$(inherited)",
					"@executable_path/Frameworks",
				);
				PRODUCT_BUNDLE_IDENTIFIER = seymagilbaz.FoodtoDoor;
				PRODUCT_NAME = "$(TARGET_NAME)";
				SWIFT_VERSION = 5.0;
				TARGETED_DEVICE_FAMILY = "1,2";
			};
			name = Debug;
		};
		C7E88D3923A77B850016C5A1 /* Release */ = {
			isa = XCBuildConfiguration;
			buildSettings = {
				ASSETCATALOG_COMPILER_APPICON_NAME = AppIcon;
				CODE_SIGN_STYLE = Automatic;
				DEVELOPMENT_TEAM = 5V7STVTK4G;
				INFOPLIST_FILE = FoodtoDoor/Info.plist;
				LD_RUNPATH_SEARCH_PATHS = (
					"$(inherited)",
					"@executable_path/Frameworks",
				);
				PRODUCT_BUNDLE_IDENTIFIER = seymagilbaz.FoodtoDoor;
				PRODUCT_NAME = "$(TARGET_NAME)";
				SWIFT_VERSION = 5.0;
				TARGETED_DEVICE_FAMILY = "1,2";
			};
			name = Release;
		};
/* End XCBuildConfiguration section */

/* Begin XCConfigurationList section */
		C7E88D1E23A77B840016C5A1 /* Build configuration list for PBXProject "FoodtoDoor" */ = {
			isa = XCConfigurationList;
			buildConfigurations = (
				C7E88D3523A77B850016C5A1 /* Debug */,
				C7E88D3623A77B850016C5A1 /* Release */,
			);
			defaultConfigurationIsVisible = 0;
			defaultConfigurationName = Release;
		};
		C7E88D3723A77B850016C5A1 /* Build configuration list for PBXNativeTarget "FoodtoDoor" */ = {
			isa = XCConfigurationList;
			buildConfigurations = (
				C7E88D3823A77B850016C5A1 /* Debug */,
				C7E88D3923A77B850016C5A1 /* Release */,
			);
			defaultConfigurationIsVisible = 0;
			defaultConfigurationName = Release;
		};
/* End XCConfigurationList section */
	};
	rootObject = C7E88D1B23A77B840016C5A1 /* Project object */;
}
